// !$*UTF8*$!
{
	archiveVersion = 1;
	classes = {
	};
	objectVersion = 46;
	objects = {

/* Begin PBXBuildFile section */
		1A424F2019906F4800CFE801 /* RadiationAnnotation.m in Sources */ = {isa = PBXBuildFile; fileRef = 1A424F1F19906F4800CFE801 /* RadiationAnnotation.m */; };
		1A424F2119906F4800CFE801 /* RadiationAnnotation.m in Sources */ = {isa = PBXBuildFile; fileRef = 1A424F1F19906F4800CFE801 /* RadiationAnnotation.m */; };
		1A5335A3195BB4C900A1E0B2 /* FacebookSDK.framework in Frameworks */ = {isa = PBXBuildFile; fileRef = 1A5335A2195BB4C900A1E0B2 /* FacebookSDK.framework */; };
		1A5CE766192DDC4A00608EBB /* Main_iPad.storyboard in Resources */ = {isa = PBXBuildFile; fileRef = 1A5CE764192DDC4A00608EBB /* Main_iPad.storyboard */; };
		1AA92E8D195BADE7005BF09B /* Social.framework in Frameworks */ = {isa = PBXBuildFile; fileRef = 3760CF931906D9DE0028D91E /* Social.framework */; };
		1AB5721A1951276700398E27 /* UploadViewController.m in Sources */ = {isa = PBXBuildFile; fileRef = 1AB572191951276700398E27 /* UploadViewController.m */; };
		1AD4F9751947D5B900B9958F /* twitter.png in Resources */ = {isa = PBXBuildFile; fileRef = 1AD4F9681947D5B900B9958F /* twitter.png */; };
		1AD4F9761947D5B900B9958F /* statistics.png in Resources */ = {isa = PBXBuildFile; fileRef = 1AD4F9691947D5B900B9958F /* statistics.png */; };
		1AD4F9771947D5B900B9958F /* share.png in Resources */ = {isa = PBXBuildFile; fileRef = 1AD4F96A1947D5B900B9958F /* share.png */; };
		1AD4F9781947D5B900B9958F /* radiation.png in Resources */ = {isa = PBXBuildFile; fileRef = 1AD4F96B1947D5B900B9958F /* radiation.png */; };
		1AD4F9791947D5B900B9958F /* photo.png in Resources */ = {isa = PBXBuildFile; fileRef = 1AD4F96C1947D5B900B9958F /* photo.png */; };
		1AD4F97A1947D5B900B9958F /* map.png in Resources */ = {isa = PBXBuildFile; fileRef = 1AD4F96D1947D5B900B9958F /* map.png */; };
		1AD4F97B1947D5B900B9958F /* location.png in Resources */ = {isa = PBXBuildFile; fileRef = 1AD4F96E1947D5B900B9958F /* location.png */; };
		1AD4F97C1947D5B900B9958F /* list.png in Resources */ = {isa = PBXBuildFile; fileRef = 1AD4F96F1947D5B900B9958F /* list.png */; };
		1AD4F97D1947D5B900B9958F /* information.png in Resources */ = {isa = PBXBuildFile; fileRef = 1AD4F9701947D5B900B9958F /* information.png */; };
		1AD4F97E1947D5B900B9958F /* home.png in Resources */ = {isa = PBXBuildFile; fileRef = 1AD4F9711947D5B900B9958F /* home.png */; };
		1AD4F97F1947D5B900B9958F /* facebook.png in Resources */ = {isa = PBXBuildFile; fileRef = 1AD4F9721947D5B900B9958F /* facebook.png */; };
		1AD4F9801947D5B900B9958F /* del.png in Resources */ = {isa = PBXBuildFile; fileRef = 1AD4F9731947D5B900B9958F /* del.png */; };
		1AD4F9811947D5B900B9958F /* add.png in Resources */ = {isa = PBXBuildFile; fileRef = 1AD4F9741947D5B900B9958F /* add.png */; };
		1AD4F9841947DF8700B9958F /* LoginViewController.m in Sources */ = {isa = PBXBuildFile; fileRef = 1AD4F9831947DF8700B9958F /* LoginViewController.m */; };
		3744848C19023332008FD15C /* Foundation.framework in Frameworks */ = {isa = PBXBuildFile; fileRef = 3744848B19023332008FD15C /* Foundation.framework */; };
		3744848E19023332008FD15C /* CoreGraphics.framework in Frameworks */ = {isa = PBXBuildFile; fileRef = 3744848D19023332008FD15C /* CoreGraphics.framework */; };
		3744849019023332008FD15C /* UIKit.framework in Frameworks */ = {isa = PBXBuildFile; fileRef = 3744848F19023332008FD15C /* UIKit.framework */; };
		3744849619023332008FD15C /* InfoPlist.strings in Resources */ = {isa = PBXBuildFile; fileRef = 3744849419023332008FD15C /* InfoPlist.strings */; };
		3744849819023332008FD15C /* main.m in Sources */ = {isa = PBXBuildFile; fileRef = 3744849719023332008FD15C /* main.m */; };
		3744849C19023332008FD15C /* AppDelegate.m in Sources */ = {isa = PBXBuildFile; fileRef = 3744849B19023332008FD15C /* AppDelegate.m */; };
		3744849F19023332008FD15C /* Main_iPhone.storyboard in Resources */ = {isa = PBXBuildFile; fileRef = 3744849D19023332008FD15C /* Main_iPhone.storyboard */; };
		374484A719023332008FD15C /* Images.xcassets in Resources */ = {isa = PBXBuildFile; fileRef = 374484A619023332008FD15C /* Images.xcassets */; };
		374484AE19023332008FD15C /* XCTest.framework in Frameworks */ = {isa = PBXBuildFile; fileRef = 374484AD19023332008FD15C /* XCTest.framework */; };
		374484AF19023332008FD15C /* Foundation.framework in Frameworks */ = {isa = PBXBuildFile; fileRef = 3744848B19023332008FD15C /* Foundation.framework */; };
		374484B019023332008FD15C /* UIKit.framework in Frameworks */ = {isa = PBXBuildFile; fileRef = 3744848F19023332008FD15C /* UIKit.framework */; };
		374484B819023332008FD15C /* InfoPlist.strings in Resources */ = {isa = PBXBuildFile; fileRef = 374484B619023332008FD15C /* InfoPlist.strings */; };
		374484BA19023332008FD15C /* TWRadiationAppTests.m in Sources */ = {isa = PBXBuildFile; fileRef = 374484B919023332008FD15C /* TWRadiationAppTests.m */; };
		374484C61902358F008FD15C /* LauncherViewController.m in Sources */ = {isa = PBXBuildFile; fileRef = 374484C51902358F008FD15C /* LauncherViewController.m */; };
		374484CD19023AED008FD15C /* SWRevealViewController.m in Sources */ = {isa = PBXBuildFile; fileRef = 374484CC19023AED008FD15C /* SWRevealViewController.m */; };
		374484D019023BF8008FD15C /* SidebarViewController.m in Sources */ = {isa = PBXBuildFile; fileRef = 374484CF19023BF8008FD15C /* SidebarViewController.m */; };
		375E7093197FBD6F003E732A /* DetailInfoViewController.m in Sources */ = {isa = PBXBuildFile; fileRef = 375E7092197FBD6F003E732A /* DetailInfoViewController.m */; };
		3760CF831906D90A0028D91E /* Ushahidi.bundle in Resources */ = {isa = PBXBuildFile; fileRef = 3760CF811906D90A0028D91E /* Ushahidi.bundle */; };
		3760CF841906D90A0028D91E /* Ushahidi.framework in Frameworks */ = {isa = PBXBuildFile; fileRef = 3760CF821906D90A0028D91E /* Ushahidi.framework */; };
		3760CF861906D9660028D91E /* CoreFoundation.framework in Frameworks */ = {isa = PBXBuildFile; fileRef = 3760CF851906D9660028D91E /* CoreFoundation.framework */; };
		3760CF8A1906D9810028D91E /* MapKit.framework in Frameworks */ = {isa = PBXBuildFile; fileRef = 3760CF891906D9810028D91E /* MapKit.framework */; };
		3760CF9E1906DB980028D91E /* libsqlite3.0.dylib in Frameworks */ = {isa = PBXBuildFile; fileRef = 3760CF9D1906DB980028D91E /* libsqlite3.0.dylib */; settings = {ATTRIBUTES = (Weak, ); }; };
		37888E801955697D009FD5A1 /* Device.m in Sources */ = {isa = PBXBuildFile; fileRef = 37888E7F1955697D009FD5A1 /* Device.m */; };
		378A9119192D0E2D00478D1F /* TWRadiationCoreAPI.m in Sources */ = {isa = PBXBuildFile; fileRef = 378A9117192D0E2D00478D1F /* TWRadiationCoreAPI.m */; };
		379B122719025E5C00A336D7 /* MapViewController.m in Sources */ = {isa = PBXBuildFile; fileRef = 379B122619025E5C00A336D7 /* MapViewController.m */; };
		379B122A19025E9700A336D7 /* InfoViewController.m in Sources */ = {isa = PBXBuildFile; fileRef = 379B122919025E9700A336D7 /* InfoViewController.m */; };
		379B122D19025EBF00A336D7 /* StatisticsViewController.m in Sources */ = {isa = PBXBuildFile; fileRef = 379B122C19025EBF00A336D7 /* StatisticsViewController.m */; };
		379B1236190268A000A336D7 /* MyTabBarController.m in Sources */ = {isa = PBXBuildFile; fileRef = 379B1235190268A000A336D7 /* MyTabBarController.m */; };
		379B123919026D4E00A336D7 /* CoreLocation.framework in Frameworks */ = {isa = PBXBuildFile; fileRef = 379B123819026D4E00A336D7 /* CoreLocation.framework */; };
		37F963A1193123DA008C7EA9 /* AFHTTPSessionManager.m in Sources */ = {isa = PBXBuildFile; fileRef = 37F96393193123DA008C7EA9 /* AFHTTPSessionManager.m */; };
		37F963A2193123DA008C7EA9 /* AFURLConnectionOperation.m in Sources */ = {isa = PBXBuildFile; fileRef = 37F96394193123DA008C7EA9 /* AFURLConnectionOperation.m */; };
		37F963A3193123DA008C7EA9 /* AFSecurityPolicy.m in Sources */ = {isa = PBXBuildFile; fileRef = 37F96395193123DA008C7EA9 /* AFSecurityPolicy.m */; };
		37F963A4193123DA008C7EA9 /* AFHTTPRequestOperationManager.m in Sources */ = {isa = PBXBuildFile; fileRef = 37F96396193123DA008C7EA9 /* AFHTTPRequestOperationManager.m */; };
		37F963A5193123DA008C7EA9 /* AFURLResponseSerialization.m in Sources */ = {isa = PBXBuildFile; fileRef = 37F96397193123DA008C7EA9 /* AFURLResponseSerialization.m */; };
		37F963A6193123DA008C7EA9 /* AFNetworkReachabilityManager.m in Sources */ = {isa = PBXBuildFile; fileRef = 37F96398193123DA008C7EA9 /* AFNetworkReachabilityManager.m */; };
		37F963A7193123DA008C7EA9 /* AFURLRequestSerialization.m in Sources */ = {isa = PBXBuildFile; fileRef = 37F9639E193123DA008C7EA9 /* AFURLRequestSerialization.m */; };
		37F963A8193123DA008C7EA9 /* AFHTTPRequestOperation.m in Sources */ = {isa = PBXBuildFile; fileRef = 37F9639F193123DA008C7EA9 /* AFHTTPRequestOperation.m */; };
		37F963A9193123DA008C7EA9 /* AFURLSessionManager.m in Sources */ = {isa = PBXBuildFile; fileRef = 37F963A0193123DA008C7EA9 /* AFURLSessionManager.m */; };
		37F963AB1931FC3A008C7EA9 /* TWRadiationCoreApiTests.m in Sources */ = {isa = PBXBuildFile; fileRef = 37F963AA1931FC3A008C7EA9 /* TWRadiationCoreApiTests.m */; };
/* End PBXBuildFile section */

/* Begin PBXContainerItemProxy section */
		374484B119023332008FD15C /* PBXContainerItemProxy */ = {
			isa = PBXContainerItemProxy;
			containerPortal = 3744848019023332008FD15C /* Project object */;
			proxyType = 1;
			remoteGlobalIDString = 3744848719023332008FD15C;
			remoteInfo = TWRadiationApp;
		};
/* End PBXContainerItemProxy section */

/* Begin PBXFileReference section */
		1A0E3AA6193FFC9F00BA5287 /* TWRadiationConstant.h */ = {isa = PBXFileReference; fileEncoding = 4; lastKnownFileType = sourcecode.c.h; path = TWRadiationConstant.h; sourceTree = "<group>"; };
		1A424F1E19906F4800CFE801 /* RadiationAnnotation.h */ = {isa = PBXFileReference; fileEncoding = 4; lastKnownFileType = sourcecode.c.h; name = RadiationAnnotation.h; path = View/RadiationAnnotation.h; sourceTree = "<group>"; };
		1A424F1F19906F4800CFE801 /* RadiationAnnotation.m */ = {isa = PBXFileReference; fileEncoding = 4; lastKnownFileType = sourcecode.c.objc; name = RadiationAnnotation.m; path = View/RadiationAnnotation.m; sourceTree = "<group>"; };
		1A5335A2195BB4C900A1E0B2 /* FacebookSDK.framework */ = {isa = PBXFileReference; lastKnownFileType = wrapper.framework; path = FacebookSDK.framework; sourceTree = "<group>"; };
		1A5CE765192DDC4A00608EBB /* Base */ = {isa = PBXFileReference; lastKnownFileType = file.storyboard; name = Base; path = Base.lproj/Main_iPad.storyboard; sourceTree = "<group>"; };
		1AB572181951276700398E27 /* UploadViewController.h */ = {isa = PBXFileReference; fileEncoding = 4; lastKnownFileType = sourcecode.c.h; name = UploadViewController.h; path = View/UploadViewController.h; sourceTree = "<group>"; };
		1AB572191951276700398E27 /* UploadViewController.m */ = {isa = PBXFileReference; fileEncoding = 4; lastKnownFileType = sourcecode.c.objc; name = UploadViewController.m; path = View/UploadViewController.m; sourceTree = "<group>"; };
		1AD4F9681947D5B900B9958F /* twitter.png */ = {isa = PBXFileReference; lastKnownFileType = image.png; name = twitter.png; path = Resources/twitter.png; sourceTree = "<group>"; };
		1AD4F9691947D5B900B9958F /* statistics.png */ = {isa = PBXFileReference; lastKnownFileType = image.png; name = statistics.png; path = Resources/statistics.png; sourceTree = "<group>"; };
		1AD4F96A1947D5B900B9958F /* share.png */ = {isa = PBXFileReference; lastKnownFileType = image.png; name = share.png; path = Resources/share.png; sourceTree = "<group>"; };
		1AD4F96B1947D5B900B9958F /* radiation.png */ = {isa = PBXFileReference; lastKnownFileType = image.png; name = radiation.png; path = Resources/radiation.png; sourceTree = "<group>"; };
		1AD4F96C1947D5B900B9958F /* photo.png */ = {isa = PBXFileReference; lastKnownFileType = image.png; name = photo.png; path = Resources/photo.png; sourceTree = "<group>"; };
		1AD4F96D1947D5B900B9958F /* map.png */ = {isa = PBXFileReference; lastKnownFileType = image.png; name = map.png; path = Resources/map.png; sourceTree = "<group>"; };
		1AD4F96E1947D5B900B9958F /* location.png */ = {isa = PBXFileReference; lastKnownFileType = image.png; name = location.png; path = Resources/location.png; sourceTree = "<group>"; };
		1AD4F96F1947D5B900B9958F /* list.png */ = {isa = PBXFileReference; lastKnownFileType = image.png; name = list.png; path = Resources/list.png; sourceTree = "<group>"; };
		1AD4F9701947D5B900B9958F /* information.png */ = {isa = PBXFileReference; lastKnownFileType = image.png; name = information.png; path = Resources/information.png; sourceTree = "<group>"; };
		1AD4F9711947D5B900B9958F /* home.png */ = {isa = PBXFileReference; lastKnownFileType = image.png; name = home.png; path = Resources/home.png; sourceTree = "<group>"; };
		1AD4F9721947D5B900B9958F /* facebook.png */ = {isa = PBXFileReference; lastKnownFileType = image.png; name = facebook.png; path = Resources/facebook.png; sourceTree = "<group>"; };
		1AD4F9731947D5B900B9958F /* del.png */ = {isa = PBXFileReference; lastKnownFileType = image.png; name = del.png; path = Resources/del.png; sourceTree = "<group>"; };
		1AD4F9741947D5B900B9958F /* add.png */ = {isa = PBXFileReference; lastKnownFileType = image.png; name = add.png; path = Resources/add.png; sourceTree = "<group>"; };
		1AD4F9821947DF8700B9958F /* LoginViewController.h */ = {isa = PBXFileReference; fileEncoding = 4; lastKnownFileType = sourcecode.c.h; name = LoginViewController.h; path = View/LoginViewController.h; sourceTree = "<group>"; };
		1AD4F9831947DF8700B9958F /* LoginViewController.m */ = {isa = PBXFileReference; fileEncoding = 4; lastKnownFileType = sourcecode.c.objc; name = LoginViewController.m; path = View/LoginViewController.m; sourceTree = "<group>"; };
		3744848819023332008FD15C /* TWRadiationApp.app */ = {isa = PBXFileReference; explicitFileType = wrapper.application; includeInIndex = 0; path = TWRadiationApp.app; sourceTree = BUILT_PRODUCTS_DIR; };
		3744848B19023332008FD15C /* Foundation.framework */ = {isa = PBXFileReference; lastKnownFileType = wrapper.framework; name = Foundation.framework; path = System/Library/Frameworks/Foundation.framework; sourceTree = SDKROOT; };
		3744848D19023332008FD15C /* CoreGraphics.framework */ = {isa = PBXFileReference; lastKnownFileType = wrapper.framework; name = CoreGraphics.framework; path = System/Library/Frameworks/CoreGraphics.framework; sourceTree = SDKROOT; };
		3744848F19023332008FD15C /* UIKit.framework */ = {isa = PBXFileReference; lastKnownFileType = wrapper.framework; name = UIKit.framework; path = System/Library/Frameworks/UIKit.framework; sourceTree = SDKROOT; };
		3744849319023332008FD15C /* TWRadiationApp-Info.plist */ = {isa = PBXFileReference; lastKnownFileType = text.plist.xml; path = "TWRadiationApp-Info.plist"; sourceTree = "<group>"; };
		3744849519023332008FD15C /* en */ = {isa = PBXFileReference; lastKnownFileType = text.plist.strings; name = en; path = en.lproj/InfoPlist.strings; sourceTree = "<group>"; };
		3744849719023332008FD15C /* main.m */ = {isa = PBXFileReference; lastKnownFileType = sourcecode.c.objc; path = main.m; sourceTree = "<group>"; };
		3744849919023332008FD15C /* TWRadiationApp-Prefix.pch */ = {isa = PBXFileReference; lastKnownFileType = sourcecode.c.h; path = "TWRadiationApp-Prefix.pch"; sourceTree = "<group>"; };
		3744849A19023332008FD15C /* AppDelegate.h */ = {isa = PBXFileReference; lastKnownFileType = sourcecode.c.h; path = AppDelegate.h; sourceTree = "<group>"; };
		3744849B19023332008FD15C /* AppDelegate.m */ = {isa = PBXFileReference; lastKnownFileType = sourcecode.c.objc; path = AppDelegate.m; sourceTree = "<group>"; };
		3744849E19023332008FD15C /* Base */ = {isa = PBXFileReference; lastKnownFileType = file.storyboard; name = Base; path = Base.lproj/Main_iPhone.storyboard; sourceTree = "<group>"; };
		374484A619023332008FD15C /* Images.xcassets */ = {isa = PBXFileReference; lastKnownFileType = folder.assetcatalog; path = Images.xcassets; sourceTree = "<group>"; };
		374484AC19023332008FD15C /* TWRadiationAppTests.xctest */ = {isa = PBXFileReference; explicitFileType = wrapper.cfbundle; includeInIndex = 0; path = TWRadiationAppTests.xctest; sourceTree = BUILT_PRODUCTS_DIR; };
		374484AD19023332008FD15C /* XCTest.framework */ = {isa = PBXFileReference; lastKnownFileType = wrapper.framework; name = XCTest.framework; path = Library/Frameworks/XCTest.framework; sourceTree = DEVELOPER_DIR; };
		374484B519023332008FD15C /* TWRadiationAppTests-Info.plist */ = {isa = PBXFileReference; lastKnownFileType = text.plist.xml; path = "TWRadiationAppTests-Info.plist"; sourceTree = "<group>"; };
		374484B719023332008FD15C /* en */ = {isa = PBXFileReference; lastKnownFileType = text.plist.strings; name = en; path = en.lproj/InfoPlist.strings; sourceTree = "<group>"; };
		374484B919023332008FD15C /* TWRadiationAppTests.m */ = {isa = PBXFileReference; lastKnownFileType = sourcecode.c.objc; path = TWRadiationAppTests.m; sourceTree = "<group>"; };
		374484C41902358F008FD15C /* LauncherViewController.h */ = {isa = PBXFileReference; fileEncoding = 4; lastKnownFileType = sourcecode.c.h; name = LauncherViewController.h; path = View/LauncherViewController.h; sourceTree = "<group>"; };
		374484C51902358F008FD15C /* LauncherViewController.m */ = {isa = PBXFileReference; fileEncoding = 4; lastKnownFileType = sourcecode.c.objc; name = LauncherViewController.m; path = View/LauncherViewController.m; sourceTree = "<group>"; };
		374484CB19023AED008FD15C /* SWRevealViewController.h */ = {isa = PBXFileReference; fileEncoding = 4; lastKnownFileType = sourcecode.c.h; name = SWRevealViewController.h; path = Library/SWRevealViewController.h; sourceTree = "<group>"; };
		374484CC19023AED008FD15C /* SWRevealViewController.m */ = {isa = PBXFileReference; fileEncoding = 4; lastKnownFileType = sourcecode.c.objc; name = SWRevealViewController.m; path = Library/SWRevealViewController.m; sourceTree = "<group>"; };
		374484CE19023BF8008FD15C /* SidebarViewController.h */ = {isa = PBXFileReference; fileEncoding = 4; lastKnownFileType = sourcecode.c.h; name = SidebarViewController.h; path = View/SidebarViewController.h; sourceTree = "<group>"; };
		374484CF19023BF8008FD15C /* SidebarViewController.m */ = {isa = PBXFileReference; fileEncoding = 4; lastKnownFileType = sourcecode.c.objc; name = SidebarViewController.m; path = View/SidebarViewController.m; sourceTree = "<group>"; };
		375E7091197FBD6F003E732A /* DetailInfoViewController.h */ = {isa = PBXFileReference; fileEncoding = 4; lastKnownFileType = sourcecode.c.h; name = DetailInfoViewController.h; path = View/DetailInfoViewController.h; sourceTree = "<group>"; };
		375E7092197FBD6F003E732A /* DetailInfoViewController.m */ = {isa = PBXFileReference; fileEncoding = 4; lastKnownFileType = sourcecode.c.objc; name = DetailInfoViewController.m; path = View/DetailInfoViewController.m; sourceTree = "<group>"; };
		3760CF811906D90A0028D91E /* Ushahidi.bundle */ = {isa = PBXFileReference; lastKnownFileType = "wrapper.plug-in"; name = Ushahidi.bundle; path = TWRadiationApp/Library/Ushahidi.bundle; sourceTree = "<group>"; };
		3760CF821906D90A0028D91E /* Ushahidi.framework */ = {isa = PBXFileReference; lastKnownFileType = wrapper.framework; name = Ushahidi.framework; path = TWRadiationApp/Library/Ushahidi.framework; sourceTree = "<group>"; };
		3760CF851906D9660028D91E /* CoreFoundation.framework */ = {isa = PBXFileReference; lastKnownFileType = wrapper.framework; name = CoreFoundation.framework; path = System/Library/Frameworks/CoreFoundation.framework; sourceTree = SDKROOT; };
		3760CF871906D9770028D91E /* MobileCoreServices.framework */ = {isa = PBXFileReference; lastKnownFileType = wrapper.framework; name = MobileCoreServices.framework; path = System/Library/Frameworks/MobileCoreServices.framework; sourceTree = SDKROOT; };
		3760CF891906D9810028D91E /* MapKit.framework */ = {isa = PBXFileReference; lastKnownFileType = wrapper.framework; name = MapKit.framework; path = System/Library/Frameworks/MapKit.framework; sourceTree = SDKROOT; };
		3760CF8B1906D98B0028D91E /* MessageUI.framework */ = {isa = PBXFileReference; lastKnownFileType = wrapper.framework; name = MessageUI.framework; path = System/Library/Frameworks/MessageUI.framework; sourceTree = SDKROOT; };
		3760CF8D1906D9960028D91E /* QuartzCore.framework */ = {isa = PBXFileReference; lastKnownFileType = wrapper.framework; name = QuartzCore.framework; path = System/Library/Frameworks/QuartzCore.framework; sourceTree = SDKROOT; };
		3760CF8F1906D9A30028D91E /* Security.framework */ = {isa = PBXFileReference; lastKnownFileType = wrapper.framework; name = Security.framework; path = System/Library/Frameworks/Security.framework; sourceTree = SDKROOT; };
		3760CF911906D9B50028D91E /* SystemConfiguration.framework */ = {isa = PBXFileReference; lastKnownFileType = wrapper.framework; name = SystemConfiguration.framework; path = System/Library/Frameworks/SystemConfiguration.framework; sourceTree = SDKROOT; };
		3760CF931906D9DE0028D91E /* Social.framework */ = {isa = PBXFileReference; lastKnownFileType = wrapper.framework; name = Social.framework; path = System/Library/Frameworks/Social.framework; sourceTree = SDKROOT; };
		3760CF951906D9E70028D91E /* Accounts.framework */ = {isa = PBXFileReference; lastKnownFileType = wrapper.framework; name = Accounts.framework; path = System/Library/Frameworks/Accounts.framework; sourceTree = SDKROOT; };
		3760CF971906D9F00028D91E /* Twitter.framework */ = {isa = PBXFileReference; lastKnownFileType = wrapper.framework; name = Twitter.framework; path = System/Library/Frameworks/Twitter.framework; sourceTree = SDKROOT; };
		3760CF9D1906DB980028D91E /* libsqlite3.0.dylib */ = {isa = PBXFileReference; lastKnownFileType = "compiled.mach-o.dylib"; name = libsqlite3.0.dylib; path = usr/lib/libsqlite3.0.dylib; sourceTree = SDKROOT; };
		3760CF9F1906DBA60028D91E /* AdSupport.framework */ = {isa = PBXFileReference; lastKnownFileType = wrapper.framework; name = AdSupport.framework; path = System/Library/Frameworks/AdSupport.framework; sourceTree = SDKROOT; };
		37888E7E1955697D009FD5A1 /* Device.h */ = {isa = PBXFileReference; fileEncoding = 4; lastKnownFileType = sourcecode.c.h; name = Device.h; path = Core/Device.h; sourceTree = "<group>"; };
		37888E7F1955697D009FD5A1 /* Device.m */ = {isa = PBXFileReference; fileEncoding = 4; lastKnownFileType = sourcecode.c.objc; name = Device.m; path = Core/Device.m; sourceTree = "<group>"; };
		378A9117192D0E2D00478D1F /* TWRadiationCoreAPI.m */ = {isa = PBXFileReference; fileEncoding = 4; lastKnownFileType = sourcecode.c.objc; name = TWRadiationCoreAPI.m; path = Core/TWRadiationCoreAPI.m; sourceTree = "<group>"; };
		378A9118192D0E2D00478D1F /* TWRadiationCoreAPI.h */ = {isa = PBXFileReference; fileEncoding = 4; lastKnownFileType = sourcecode.c.h; name = TWRadiationCoreAPI.h; path = Core/TWRadiationCoreAPI.h; sourceTree = "<group>"; };
		379B122519025E5C00A336D7 /* MapViewController.h */ = {isa = PBXFileReference; fileEncoding = 4; lastKnownFileType = sourcecode.c.h; name = MapViewController.h; path = View/MapViewController.h; sourceTree = "<group>"; };
		379B122619025E5C00A336D7 /* MapViewController.m */ = {isa = PBXFileReference; fileEncoding = 4; lastKnownFileType = sourcecode.c.objc; name = MapViewController.m; path = View/MapViewController.m; sourceTree = "<group>"; };
		379B122819025E9700A336D7 /* InfoViewController.h */ = {isa = PBXFileReference; fileEncoding = 4; lastKnownFileType = sourcecode.c.h; name = InfoViewController.h; path = View/InfoViewController.h; sourceTree = "<group>"; };
		379B122919025E9700A336D7 /* InfoViewController.m */ = {isa = PBXFileReference; fileEncoding = 4; lastKnownFileType = sourcecode.c.objc; name = InfoViewController.m; path = View/InfoViewController.m; sourceTree = "<group>"; };
		379B122B19025EBF00A336D7 /* StatisticsViewController.h */ = {isa = PBXFileReference; fileEncoding = 4; lastKnownFileType = sourcecode.c.h; name = StatisticsViewController.h; path = View/StatisticsViewController.h; sourceTree = "<group>"; };
		379B122C19025EBF00A336D7 /* StatisticsViewController.m */ = {isa = PBXFileReference; fileEncoding = 4; lastKnownFileType = sourcecode.c.objc; name = StatisticsViewController.m; path = View/StatisticsViewController.m; sourceTree = "<group>"; };
		379B1234190268A000A336D7 /* MyTabBarController.h */ = {isa = PBXFileReference; fileEncoding = 4; lastKnownFileType = sourcecode.c.h; name = MyTabBarController.h; path = View/MyTabBarController.h; sourceTree = "<group>"; };
		379B1235190268A000A336D7 /* MyTabBarController.m */ = {isa = PBXFileReference; fileEncoding = 4; lastKnownFileType = sourcecode.c.objc; name = MyTabBarController.m; path = View/MyTabBarController.m; sourceTree = "<group>"; };
		379B123819026D4E00A336D7 /* CoreLocation.framework */ = {isa = PBXFileReference; lastKnownFileType = wrapper.framework; name = CoreLocation.framework; path = System/Library/Frameworks/CoreLocation.framework; sourceTree = SDKROOT; };
		37F9638E193123DA008C7EA9 /* AFNetworkReachabilityManager.h */ = {isa = PBXFileReference; fileEncoding = 4; lastKnownFileType = sourcecode.c.h; name = AFNetworkReachabilityManager.h; path = Library/AFNetworking/AFNetworkReachabilityManager.h; sourceTree = "<group>"; };
		37F9638F193123DA008C7EA9 /* AFSecurityPolicy.h */ = {isa = PBXFileReference; fileEncoding = 4; lastKnownFileType = sourcecode.c.h; name = AFSecurityPolicy.h; path = Library/AFNetworking/AFSecurityPolicy.h; sourceTree = "<group>"; };
		37F96390193123DA008C7EA9 /* AFURLResponseSerialization.h */ = {isa = PBXFileReference; fileEncoding = 4; lastKnownFileType = sourcecode.c.h; name = AFURLResponseSerialization.h; path = Library/AFNetworking/AFURLResponseSerialization.h; sourceTree = "<group>"; };
		37F96391193123DA008C7EA9 /* AFURLSessionManager.h */ = {isa = PBXFileReference; fileEncoding = 4; lastKnownFileType = sourcecode.c.h; name = AFURLSessionManager.h; path = Library/AFNetworking/AFURLSessionManager.h; sourceTree = "<group>"; };
		37F96392193123DA008C7EA9 /* AFHTTPRequestOperationManager.h */ = {isa = PBXFileReference; fileEncoding = 4; lastKnownFileType = sourcecode.c.h; name = AFHTTPRequestOperationManager.h; path = Library/AFNetworking/AFHTTPRequestOperationManager.h; sourceTree = "<group>"; };
		37F96393193123DA008C7EA9 /* AFHTTPSessionManager.m */ = {isa = PBXFileReference; fileEncoding = 4; lastKnownFileType = sourcecode.c.objc; name = AFHTTPSessionManager.m; path = Library/AFNetworking/AFHTTPSessionManager.m; sourceTree = "<group>"; };
		37F96394193123DA008C7EA9 /* AFURLConnectionOperation.m */ = {isa = PBXFileReference; fileEncoding = 4; lastKnownFileType = sourcecode.c.objc; name = AFURLConnectionOperation.m; path = Library/AFNetworking/AFURLConnectionOperation.m; sourceTree = "<group>"; };
		37F96395193123DA008C7EA9 /* AFSecurityPolicy.m */ = {isa = PBXFileReference; fileEncoding = 4; lastKnownFileType = sourcecode.c.objc; name = AFSecurityPolicy.m; path = Library/AFNetworking/AFSecurityPolicy.m; sourceTree = "<group>"; };
		37F96396193123DA008C7EA9 /* AFHTTPRequestOperationManager.m */ = {isa = PBXFileReference; fileEncoding = 4; lastKnownFileType = sourcecode.c.objc; name = AFHTTPRequestOperationManager.m; path = Library/AFNetworking/AFHTTPRequestOperationManager.m; sourceTree = "<group>"; };
		37F96397193123DA008C7EA9 /* AFURLResponseSerialization.m */ = {isa = PBXFileReference; fileEncoding = 4; lastKnownFileType = sourcecode.c.objc; name = AFURLResponseSerialization.m; path = Library/AFNetworking/AFURLResponseSerialization.m; sourceTree = "<group>"; };
		37F96398193123DA008C7EA9 /* AFNetworkReachabilityManager.m */ = {isa = PBXFileReference; fileEncoding = 4; lastKnownFileType = sourcecode.c.objc; name = AFNetworkReachabilityManager.m; path = Library/AFNetworking/AFNetworkReachabilityManager.m; sourceTree = "<group>"; };
		37F96399193123DA008C7EA9 /* AFHTTPRequestOperation.h */ = {isa = PBXFileReference; fileEncoding = 4; lastKnownFileType = sourcecode.c.h; name = AFHTTPRequestOperation.h; path = Library/AFNetworking/AFHTTPRequestOperation.h; sourceTree = "<group>"; };
		37F9639A193123DA008C7EA9 /* AFNetworking.h */ = {isa = PBXFileReference; fileEncoding = 4; lastKnownFileType = sourcecode.c.h; name = AFNetworking.h; path = Library/AFNetworking/AFNetworking.h; sourceTree = "<group>"; };
		37F9639B193123DA008C7EA9 /* AFURLRequestSerialization.h */ = {isa = PBXFileReference; fileEncoding = 4; lastKnownFileType = sourcecode.c.h; name = AFURLRequestSerialization.h; path = Library/AFNetworking/AFURLRequestSerialization.h; sourceTree = "<group>"; };
		37F9639C193123DA008C7EA9 /* AFHTTPSessionManager.h */ = {isa = PBXFileReference; fileEncoding = 4; lastKnownFileType = sourcecode.c.h; name = AFHTTPSessionManager.h; path = Library/AFNetworking/AFHTTPSessionManager.h; sourceTree = "<group>"; };
		37F9639D193123DA008C7EA9 /* AFURLConnectionOperation.h */ = {isa = PBXFileReference; fileEncoding = 4; lastKnownFileType = sourcecode.c.h; name = AFURLConnectionOperation.h; path = Library/AFNetworking/AFURLConnectionOperation.h; sourceTree = "<group>"; };
		37F9639E193123DA008C7EA9 /* AFURLRequestSerialization.m */ = {isa = PBXFileReference; fileEncoding = 4; lastKnownFileType = sourcecode.c.objc; name = AFURLRequestSerialization.m; path = Library/AFNetworking/AFURLRequestSerialization.m; sourceTree = "<group>"; };
		37F9639F193123DA008C7EA9 /* AFHTTPRequestOperation.m */ = {isa = PBXFileReference; fileEncoding = 4; lastKnownFileType = sourcecode.c.objc; name = AFHTTPRequestOperation.m; path = Library/AFNetworking/AFHTTPRequestOperation.m; sourceTree = "<group>"; };
		37F963A0193123DA008C7EA9 /* AFURLSessionManager.m */ = {isa = PBXFileReference; fileEncoding = 4; lastKnownFileType = sourcecode.c.objc; name = AFURLSessionManager.m; path = Library/AFNetworking/AFURLSessionManager.m; sourceTree = "<group>"; };
		37F963AA1931FC3A008C7EA9 /* TWRadiationCoreApiTests.m */ = {isa = PBXFileReference; fileEncoding = 4; lastKnownFileType = sourcecode.c.objc; path = TWRadiationCoreApiTests.m; sourceTree = "<group>"; };
/* End PBXFileReference section */

/* Begin PBXFrameworksBuildPhase section */
		3744848519023332008FD15C /* Frameworks */ = {
			isa = PBXFrameworksBuildPhase;
			buildActionMask = 2147483647;
			files = (
				1AA92E8D195BADE7005BF09B /* Social.framework in Frameworks */,
				1A5335A3195BB4C900A1E0B2 /* FacebookSDK.framework in Frameworks */,
				3760CF9E1906DB980028D91E /* libsqlite3.0.dylib in Frameworks */,
				3760CF8A1906D9810028D91E /* MapKit.framework in Frameworks */,
				3760CF861906D9660028D91E /* CoreFoundation.framework in Frameworks */,
				379B123919026D4E00A336D7 /* CoreLocation.framework in Frameworks */,
				3744848E19023332008FD15C /* CoreGraphics.framework in Frameworks */,
				3744849019023332008FD15C /* UIKit.framework in Frameworks */,
				3744848C19023332008FD15C /* Foundation.framework in Frameworks */,
				3760CF841906D90A0028D91E /* Ushahidi.framework in Frameworks */,
			);
			runOnlyForDeploymentPostprocessing = 0;
		};
		374484A919023332008FD15C /* Frameworks */ = {
			isa = PBXFrameworksBuildPhase;
			buildActionMask = 2147483647;
			files = (
				374484AE19023332008FD15C /* XCTest.framework in Frameworks */,
				374484B019023332008FD15C /* UIKit.framework in Frameworks */,
				374484AF19023332008FD15C /* Foundation.framework in Frameworks */,
			);
			runOnlyForDeploymentPostprocessing = 0;
		};
/* End PBXFrameworksBuildPhase section */

/* Begin PBXGroup section */
		1AD4F9671947D59700B9958F /* Resources */ = {
			isa = PBXGroup;
			children = (
				1AD4F9681947D5B900B9958F /* twitter.png */,
				1AD4F9691947D5B900B9958F /* statistics.png */,
				1AD4F96A1947D5B900B9958F /* share.png */,
				1AD4F96B1947D5B900B9958F /* radiation.png */,
				1AD4F96C1947D5B900B9958F /* photo.png */,
				1AD4F96D1947D5B900B9958F /* map.png */,
				1AD4F96E1947D5B900B9958F /* location.png */,
				1AD4F96F1947D5B900B9958F /* list.png */,
				1AD4F9701947D5B900B9958F /* information.png */,
				1AD4F9711947D5B900B9958F /* home.png */,
				1AD4F9721947D5B900B9958F /* facebook.png */,
				1AD4F9731947D5B900B9958F /* del.png */,
				1AD4F9741947D5B900B9958F /* add.png */,
			);
			name = Resources;
			sourceTree = "<group>";
		};
		3744847F19023332008FD15C = {
			isa = PBXGroup;
			children = (
				3744849119023332008FD15C /* TWRadiationApp */,
				374484B319023332008FD15C /* TWRadiationAppTests */,
				3744848A19023332008FD15C /* Frameworks */,
				3744848919023332008FD15C /* Products */,
			);
			sourceTree = "<group>";
		};
		3744848919023332008FD15C /* Products */ = {
			isa = PBXGroup;
			children = (
				3744848819023332008FD15C /* TWRadiationApp.app */,
				374484AC19023332008FD15C /* TWRadiationAppTests.xctest */,
			);
			name = Products;
			sourceTree = "<group>";
		};
		3744848A19023332008FD15C /* Frameworks */ = {
			isa = PBXGroup;
			children = (
				1A5335A2195BB4C900A1E0B2 /* FacebookSDK.framework */,
				3760CF9F1906DBA60028D91E /* AdSupport.framework */,
				3760CF9D1906DB980028D91E /* libsqlite3.0.dylib */,
				3760CF971906D9F00028D91E /* Twitter.framework */,
				3760CF951906D9E70028D91E /* Accounts.framework */,
				3760CF931906D9DE0028D91E /* Social.framework */,
				3760CF911906D9B50028D91E /* SystemConfiguration.framework */,
				3760CF8F1906D9A30028D91E /* Security.framework */,
				3760CF8D1906D9960028D91E /* QuartzCore.framework */,
				3760CF8B1906D98B0028D91E /* MessageUI.framework */,
				3760CF891906D9810028D91E /* MapKit.framework */,
				3760CF871906D9770028D91E /* MobileCoreServices.framework */,
				3760CF851906D9660028D91E /* CoreFoundation.framework */,
				3760CF811906D90A0028D91E /* Ushahidi.bundle */,
				3760CF821906D90A0028D91E /* Ushahidi.framework */,
				379B123819026D4E00A336D7 /* CoreLocation.framework */,
				3744848B19023332008FD15C /* Foundation.framework */,
				3744848D19023332008FD15C /* CoreGraphics.framework */,
				3744848F19023332008FD15C /* UIKit.framework */,
				374484AD19023332008FD15C /* XCTest.framework */,
			);
			name = Frameworks;
			sourceTree = "<group>";
		};
		3744849119023332008FD15C /* TWRadiationApp */ = {
			isa = PBXGroup;
			children = (
				379B123719026C2600A336D7 /* CoreAPI */,
				374484C719023A49008FD15C /* Library */,
				374484C31902354A008FD15C /* Controller */,
				3744849A19023332008FD15C /* AppDelegate.h */,
				3744849B19023332008FD15C /* AppDelegate.m */,
				3744849D19023332008FD15C /* Main_iPhone.storyboard */,
				1A5CE764192DDC4A00608EBB /* Main_iPad.storyboard */,
				1A0E3AA6193FFC9F00BA5287 /* TWRadiationConstant.h */,
				374484A619023332008FD15C /* Images.xcassets */,
				1AD4F9671947D59700B9958F /* Resources */,
				3744849219023332008FD15C /* Supporting Files */,
			);
			path = TWRadiationApp;
			sourceTree = "<group>";
		};
		3744849219023332008FD15C /* Supporting Files */ = {
			isa = PBXGroup;
			children = (
				3744849319023332008FD15C /* TWRadiationApp-Info.plist */,
				3744849419023332008FD15C /* InfoPlist.strings */,
				3744849719023332008FD15C /* main.m */,
				3744849919023332008FD15C /* TWRadiationApp-Prefix.pch */,
			);
			name = "Supporting Files";
			sourceTree = "<group>";
		};
		374484B319023332008FD15C /* TWRadiationAppTests */ = {
			isa = PBXGroup;
			children = (
				374484B919023332008FD15C /* TWRadiationAppTests.m */,
				37F963AA1931FC3A008C7EA9 /* TWRadiationCoreApiTests.m */,
				374484B419023332008FD15C /* Supporting Files */,
			);
			path = TWRadiationAppTests;
			sourceTree = "<group>";
		};
		374484B419023332008FD15C /* Supporting Files */ = {
			isa = PBXGroup;
			children = (
				374484B519023332008FD15C /* TWRadiationAppTests-Info.plist */,
				374484B619023332008FD15C /* InfoPlist.strings */,
			);
			name = "Supporting Files";
			sourceTree = "<group>";
		};
		374484C31902354A008FD15C /* Controller */ = {
			isa = PBXGroup;
			children = (
				374484C41902358F008FD15C /* LauncherViewController.h */,
				374484C51902358F008FD15C /* LauncherViewController.m */,
				374484CE19023BF8008FD15C /* SidebarViewController.h */,
				374484CF19023BF8008FD15C /* SidebarViewController.m */,
				379B122519025E5C00A336D7 /* MapViewController.h */,
				379B122619025E5C00A336D7 /* MapViewController.m */,
				379B122819025E9700A336D7 /* InfoViewController.h */,
				379B122919025E9700A336D7 /* InfoViewController.m */,
				1AD4F9821947DF8700B9958F /* LoginViewController.h */,
				1AD4F9831947DF8700B9958F /* LoginViewController.m */,
				1AB572181951276700398E27 /* UploadViewController.h */,
				1AB572191951276700398E27 /* UploadViewController.m */,
				379B122B19025EBF00A336D7 /* StatisticsViewController.h */,
				379B122C19025EBF00A336D7 /* StatisticsViewController.m */,
				379B1234190268A000A336D7 /* MyTabBarController.h */,
				379B1235190268A000A336D7 /* MyTabBarController.m */,
				375E7091197FBD6F003E732A /* DetailInfoViewController.h */,
				375E7092197FBD6F003E732A /* DetailInfoViewController.m */,
				1A424F1E19906F4800CFE801 /* RadiationAnnotation.h */,
				1A424F1F19906F4800CFE801 /* RadiationAnnotation.m */,
			);
			name = Controller;
			sourceTree = "<group>";
		};
		374484C719023A49008FD15C /* Library */ = {
			isa = PBXGroup;
			children = (
				37F9638D19312394008C7EA9 /* AFNetworking */,
				374484CB19023AED008FD15C /* SWRevealViewController.h */,
				374484CC19023AED008FD15C /* SWRevealViewController.m */,
			);
			name = Library;
			sourceTree = "<group>";
		};
		379B123719026C2600A336D7 /* CoreAPI */ = {
			isa = PBXGroup;
			children = (
				378A9118192D0E2D00478D1F /* TWRadiationCoreAPI.h */,
				378A9117192D0E2D00478D1F /* TWRadiationCoreAPI.m */,
				37888E7E1955697D009FD5A1 /* Device.h */,
				37888E7F1955697D009FD5A1 /* Device.m */,
			);
			name = CoreAPI;
			sourceTree = "<group>";
		};
		37F9638D19312394008C7EA9 /* AFNetworking */ = {
			isa = PBXGroup;
			children = (
				37F9638E193123DA008C7EA9 /* AFNetworkReachabilityManager.h */,
				37F9638F193123DA008C7EA9 /* AFSecurityPolicy.h */,
				37F96390193123DA008C7EA9 /* AFURLResponseSerialization.h */,
				37F96391193123DA008C7EA9 /* AFURLSessionManager.h */,
				37F96392193123DA008C7EA9 /* AFHTTPRequestOperationManager.h */,
				37F96393193123DA008C7EA9 /* AFHTTPSessionManager.m */,
				37F96394193123DA008C7EA9 /* AFURLConnectionOperation.m */,
				37F96395193123DA008C7EA9 /* AFSecurityPolicy.m */,
				37F96396193123DA008C7EA9 /* AFHTTPRequestOperationManager.m */,
				37F96397193123DA008C7EA9 /* AFURLResponseSerialization.m */,
				37F96398193123DA008C7EA9 /* AFNetworkReachabilityManager.m */,
				37F96399193123DA008C7EA9 /* AFHTTPRequestOperation.h */,
				37F9639A193123DA008C7EA9 /* AFNetworking.h */,
				37F9639B193123DA008C7EA9 /* AFURLRequestSerialization.h */,
				37F9639C193123DA008C7EA9 /* AFHTTPSessionManager.h */,
				37F9639D193123DA008C7EA9 /* AFURLConnectionOperation.h */,
				37F9639E193123DA008C7EA9 /* AFURLRequestSerialization.m */,
				37F9639F193123DA008C7EA9 /* AFHTTPRequestOperation.m */,
				37F963A0193123DA008C7EA9 /* AFURLSessionManager.m */,
			);
			name = AFNetworking;
			sourceTree = "<group>";
		};
/* End PBXGroup section */

/* Begin PBXNativeTarget section */
		3744848719023332008FD15C /* TWRadiationApp */ = {
			isa = PBXNativeTarget;
			buildConfigurationList = 374484BD19023332008FD15C /* Build configuration list for PBXNativeTarget "TWRadiationApp" */;
			buildPhases = (
				3744848419023332008FD15C /* Sources */,
				3744848519023332008FD15C /* Frameworks */,
				3744848619023332008FD15C /* Resources */,
			);
			buildRules = (
			);
			dependencies = (
			);
			name = TWRadiationApp;
			productName = TWRadiationApp;
			productReference = 3744848819023332008FD15C /* TWRadiationApp.app */;
			productType = "com.apple.product-type.application";
		};
		374484AB19023332008FD15C /* TWRadiationAppTests */ = {
			isa = PBXNativeTarget;
			buildConfigurationList = 374484C019023332008FD15C /* Build configuration list for PBXNativeTarget "TWRadiationAppTests" */;
			buildPhases = (
				374484A819023332008FD15C /* Sources */,
				374484A919023332008FD15C /* Frameworks */,
				374484AA19023332008FD15C /* Resources */,
			);
			buildRules = (
			);
			dependencies = (
				374484B219023332008FD15C /* PBXTargetDependency */,
			);
			name = TWRadiationAppTests;
			productName = TWRadiationAppTests;
			productReference = 374484AC19023332008FD15C /* TWRadiationAppTests.xctest */;
			productType = "com.apple.product-type.bundle.unit-test";
		};
/* End PBXNativeTarget section */

/* Begin PBXProject section */
		3744848019023332008FD15C /* Project object */ = {
			isa = PBXProject;
			attributes = {
				LastUpgradeCheck = 0510;
				ORGANIZATIONNAME = g0v.tw;
				TargetAttributes = {
					374484AB19023332008FD15C = {
						TestTargetID = 3744848719023332008FD15C;
					};
				};
			};
			buildConfigurationList = 3744848319023332008FD15C /* Build configuration list for PBXProject "TWRadiationApp" */;
			compatibilityVersion = "Xcode 3.2";
			developmentRegion = English;
			hasScannedForEncodings = 0;
			knownRegions = (
				en,
				Base,
			);
			mainGroup = 3744847F19023332008FD15C;
			productRefGroup = 3744848919023332008FD15C /* Products */;
			projectDirPath = "";
			projectRoot = "";
			targets = (
				3744848719023332008FD15C /* TWRadiationApp */,
				374484AB19023332008FD15C /* TWRadiationAppTests */,
			);
		};
/* End PBXProject section */

/* Begin PBXResourcesBuildPhase section */
		3744848619023332008FD15C /* Resources */ = {
			isa = PBXResourcesBuildPhase;
			buildActionMask = 2147483647;
			files = (
				1A5CE766192DDC4A00608EBB /* Main_iPad.storyboard in Resources */,
				374484A719023332008FD15C /* Images.xcassets in Resources */,
				1AD4F9791947D5B900B9958F /* photo.png in Resources */,
				3744849619023332008FD15C /* InfoPlist.strings in Resources */,
				1AD4F97C1947D5B900B9958F /* list.png in Resources */,
				1AD4F97B1947D5B900B9958F /* location.png in Resources */,
				1AD4F9751947D5B900B9958F /* twitter.png in Resources */,
				1AD4F97A1947D5B900B9958F /* map.png in Resources */,
				1AD4F9801947D5B900B9958F /* del.png in Resources */,
				1AD4F9811947D5B900B9958F /* add.png in Resources */,
				1AD4F9761947D5B900B9958F /* statistics.png in Resources */,
				1AD4F97F1947D5B900B9958F /* facebook.png in Resources */,
				3760CF831906D90A0028D91E /* Ushahidi.bundle in Resources */,
				1AD4F97D1947D5B900B9958F /* information.png in Resources */,
				1AD4F97E1947D5B900B9958F /* home.png in Resources */,
				1AD4F9781947D5B900B9958F /* radiation.png in Resources */,
				3744849F19023332008FD15C /* Main_iPhone.storyboard in Resources */,
				1AD4F9771947D5B900B9958F /* share.png in Resources */,
			);
			runOnlyForDeploymentPostprocessing = 0;
		};
		374484AA19023332008FD15C /* Resources */ = {
			isa = PBXResourcesBuildPhase;
			buildActionMask = 2147483647;
			files = (
				374484B819023332008FD15C /* InfoPlist.strings in Resources */,
			);
			runOnlyForDeploymentPostprocessing = 0;
		};
/* End PBXResourcesBuildPhase section */

/* Begin PBXSourcesBuildPhase section */
		3744848419023332008FD15C /* Sources */ = {
			isa = PBXSourcesBuildPhase;
			buildActionMask = 2147483647;
			files = (
				1AB5721A1951276700398E27 /* UploadViewController.m in Sources */,
				37F963A8193123DA008C7EA9 /* AFHTTPRequestOperation.m in Sources */,
				374484D019023BF8008FD15C /* SidebarViewController.m in Sources */,
				379B122719025E5C00A336D7 /* MapViewController.m in Sources */,
				378A9119192D0E2D00478D1F /* TWRadiationCoreAPI.m in Sources */,
				1AD4F9841947DF8700B9958F /* LoginViewController.m in Sources */,
				379B1236190268A000A336D7 /* MyTabBarController.m in Sources */,
				37888E801955697D009FD5A1 /* Device.m in Sources */,
				37F963A5193123DA008C7EA9 /* AFURLResponseSerialization.m in Sources */,
				37F963A4193123DA008C7EA9 /* AFHTTPRequestOperationManager.m in Sources */,
				37F963A6193123DA008C7EA9 /* AFNetworkReachabilityManager.m in Sources */,
				37F963A2193123DA008C7EA9 /* AFURLConnectionOperation.m in Sources */,
				374484C61902358F008FD15C /* LauncherViewController.m in Sources */,
				37F963A9193123DA008C7EA9 /* AFURLSessionManager.m in Sources */,
				1A424F2019906F4800CFE801 /* RadiationAnnotation.m in Sources */,
				37F963A1193123DA008C7EA9 /* AFHTTPSessionManager.m in Sources */,
				375E7093197FBD6F003E732A /* DetailInfoViewController.m in Sources */,
				3744849C19023332008FD15C /* AppDelegate.m in Sources */,
				3744849819023332008FD15C /* main.m in Sources */,
				37F963A7193123DA008C7EA9 /* AFURLRequestSerialization.m in Sources */,
				37F963A3193123DA008C7EA9 /* AFSecurityPolicy.m in Sources */,
				379B122A19025E9700A336D7 /* InfoViewController.m in Sources */,
				374484CD19023AED008FD15C /* SWRevealViewController.m in Sources */,
				379B122D19025EBF00A336D7 /* StatisticsViewController.m in Sources */,
			);
			runOnlyForDeploymentPostprocessing = 0;
		};
		374484A819023332008FD15C /* Sources */ = {
			isa = PBXSourcesBuildPhase;
			buildActionMask = 2147483647;
			files = (
				37F963AB1931FC3A008C7EA9 /* TWRadiationCoreApiTests.m in Sources */,
				374484BA19023332008FD15C /* TWRadiationAppTests.m in Sources */,
				1A424F2119906F4800CFE801 /* RadiationAnnotation.m in Sources */,
			);
			runOnlyForDeploymentPostprocessing = 0;
		};
/* End PBXSourcesBuildPhase section */

/* Begin PBXTargetDependency section */
		374484B219023332008FD15C /* PBXTargetDependency */ = {
			isa = PBXTargetDependency;
			target = 3744848719023332008FD15C /* TWRadiationApp */;
			targetProxy = 374484B119023332008FD15C /* PBXContainerItemProxy */;
		};
/* End PBXTargetDependency section */

/* Begin PBXVariantGroup section */
		1A5CE764192DDC4A00608EBB /* Main_iPad.storyboard */ = {
			isa = PBXVariantGroup;
			children = (
				1A5CE765192DDC4A00608EBB /* Base */,
			);
			name = Main_iPad.storyboard;
			sourceTree = "<group>";
		};
		3744849419023332008FD15C /* InfoPlist.strings */ = {
			isa = PBXVariantGroup;
			children = (
				3744849519023332008FD15C /* en */,
			);
			name = InfoPlist.strings;
			sourceTree = "<group>";
		};
		3744849D19023332008FD15C /* Main_iPhone.storyboard */ = {
			isa = PBXVariantGroup;
			children = (
				3744849E19023332008FD15C /* Base */,
			);
			name = Main_iPhone.storyboard;
			sourceTree = "<group>";
		};
		374484B619023332008FD15C /* InfoPlist.strings */ = {
			isa = PBXVariantGroup;
			children = (
				374484B719023332008FD15C /* en */,
			);
			name = InfoPlist.strings;
			sourceTree = "<group>";
		};
/* End PBXVariantGroup section */

/* Begin XCBuildConfiguration section */
		374484BB19023332008FD15C /* Debug */ = {
			isa = XCBuildConfiguration;
			buildSettings = {
				ALWAYS_SEARCH_USER_PATHS = NO;
				CLANG_CXX_LANGUAGE_STANDARD = "gnu++0x";
				CLANG_CXX_LIBRARY = "libc++";
				CLANG_ENABLE_MODULES = YES;
				CLANG_ENABLE_OBJC_ARC = YES;
				CLANG_WARN_BOOL_CONVERSION = YES;
				CLANG_WARN_CONSTANT_CONVERSION = YES;
				CLANG_WARN_DIRECT_OBJC_ISA_USAGE = YES_ERROR;
				CLANG_WARN_EMPTY_BODY = YES;
				CLANG_WARN_ENUM_CONVERSION = YES;
				CLANG_WARN_INT_CONVERSION = YES;
				CLANG_WARN_OBJC_ROOT_CLASS = YES_ERROR;
				CLANG_WARN__DUPLICATE_METHOD_MATCH = YES;
				"CODE_SIGN_IDENTITY[sdk=iphoneos*]" = "iPhone Developer";
				COPY_PHASE_STRIP = NO;
				GCC_C_LANGUAGE_STANDARD = gnu99;
				GCC_DYNAMIC_NO_PIC = NO;
				GCC_OPTIMIZATION_LEVEL = 0;
				GCC_PREPROCESSOR_DEFINITIONS = (
					"DEBUG=1",
					"$(inherited)",
				);
				GCC_SYMBOLS_PRIVATE_EXTERN = NO;
				GCC_WARN_64_TO_32_BIT_CONVERSION = YES;
				GCC_WARN_ABOUT_RETURN_TYPE = YES_ERROR;
				GCC_WARN_UNDECLARED_SELECTOR = YES;
				GCC_WARN_UNINITIALIZED_AUTOS = YES_AGGRESSIVE;
				GCC_WARN_UNUSED_FUNCTION = YES;
				GCC_WARN_UNUSED_VARIABLE = YES;
				IPHONEOS_DEPLOYMENT_TARGET = 7.0;
				ONLY_ACTIVE_ARCH = YES;
				SDKROOT = iphoneos;
			};
			name = Debug;
		};
		374484BC19023332008FD15C /* Release */ = {
			isa = XCBuildConfiguration;
			buildSettings = {
				ALWAYS_SEARCH_USER_PATHS = NO;
				CLANG_CXX_LANGUAGE_STANDARD = "gnu++0x";
				CLANG_CXX_LIBRARY = "libc++";
				CLANG_ENABLE_MODULES = YES;
				CLANG_ENABLE_OBJC_ARC = YES;
				CLANG_WARN_BOOL_CONVERSION = YES;
				CLANG_WARN_CONSTANT_CONVERSION = YES;
				CLANG_WARN_DIRECT_OBJC_ISA_USAGE = YES_ERROR;
				CLANG_WARN_EMPTY_BODY = YES;
				CLANG_WARN_ENUM_CONVERSION = YES;
				CLANG_WARN_INT_CONVERSION = YES;
				CLANG_WARN_OBJC_ROOT_CLASS = YES_ERROR;
				CLANG_WARN__DUPLICATE_METHOD_MATCH = YES;
				"CODE_SIGN_IDENTITY[sdk=iphoneos*]" = "iPhone Developer";
				COPY_PHASE_STRIP = YES;
				ENABLE_NS_ASSERTIONS = NO;
				GCC_C_LANGUAGE_STANDARD = gnu99;
				GCC_WARN_64_TO_32_BIT_CONVERSION = YES;
				GCC_WARN_ABOUT_RETURN_TYPE = YES_ERROR;
				GCC_WARN_UNDECLARED_SELECTOR = YES;
				GCC_WARN_UNINITIALIZED_AUTOS = YES_AGGRESSIVE;
				GCC_WARN_UNUSED_FUNCTION = YES;
				GCC_WARN_UNUSED_VARIABLE = YES;
				IPHONEOS_DEPLOYMENT_TARGET = 7.0;
				SDKROOT = iphoneos;
				VALIDATE_PRODUCT = YES;
			};
			name = Release;
		};
		374484BE19023332008FD15C /* Debug */ = {
			isa = XCBuildConfiguration;
			buildSettings = {
				ASSETCATALOG_COMPILER_APPICON_NAME = AppIcon;
				ASSETCATALOG_COMPILER_LAUNCHIMAGE_NAME = LaunchImage;
				CODE_SIGN_IDENTITY = "";
				FRAMEWORK_SEARCH_PATHS = (
					"$(inherited)",
					"$(PROJECT_DIR)/TWRadiationApp/Library",
					"$(PROJECT_DIR)",
					/Users/charleslu/Documents/g0v/TWRadiationApp,
				);
				GCC_PRECOMPILE_PREFIX_HEADER = YES;
				GCC_PREFIX_HEADER = "TWRadiationApp/TWRadiationApp-Prefix.pch";
				INFOPLIST_FILE = "TWRadiationApp/TWRadiationApp-Info.plist";
				IPHONEOS_DEPLOYMENT_TARGET = 6.1;
				PRODUCT_NAME = "$(TARGET_NAME)";
				WRAPPER_EXTENSION = app;
			};
			name = Debug;
		};
		374484BF19023332008FD15C /* Release */ = {
			isa = XCBuildConfiguration;
			buildSettings = {
				ASSETCATALOG_COMPILER_APPICON_NAME = AppIcon;
				ASSETCATALOG_COMPILER_LAUNCHIMAGE_NAME = LaunchImage;
				CODE_SIGN_IDENTITY = "iPhone Developer: Kuo Wei Kuo (2AXVBUV64S)";
				FRAMEWORK_SEARCH_PATHS = (
					"$(inherited)",
					"$(PROJECT_DIR)/TWRadiationApp/Library",
					"$(PROJECT_DIR)",
					/Users/charleslu/Documents/g0v/TWRadiationApp,
				);
				GCC_PRECOMPILE_PREFIX_HEADER = YES;
				GCC_PREFIX_HEADER = "TWRadiationApp/TWRadiationApp-Prefix.pch";
				INFOPLIST_FILE = "TWRadiationApp/TWRadiationApp-Info.plist";
				IPHONEOS_DEPLOYMENT_TARGET = 6.1;
				PRODUCT_NAME = "$(TARGET_NAME)";
				WRAPPER_EXTENSION = app;
			};
			name = Release;
		};
		374484C119023332008FD15C /* Debug */ = {
			isa = XCBuildConfiguration;
			buildSettings = {
				BUNDLE_LOADER = "$(BUILT_PRODUCTS_DIR)/TWRadiationApp.app/TWRadiationApp";
				FRAMEWORK_SEARCH_PATHS = (
					"$(SDKROOT)/Developer/Library/Frameworks",
					"$(inherited)",
					"$(DEVELOPER_FRAMEWORKS_DIR)",
				);
				GCC_PRECOMPILE_PREFIX_HEADER = YES;
				GCC_PREFIX_HEADER = "TWRadiationApp/TWRadiationApp-Prefix.pch";
				GCC_PREPROCESSOR_DEFINITIONS = (
					"DEBUG=1",
					"$(inherited)",
				);
				INFOPLIST_FILE = "TWRadiationAppTests/TWRadiationAppTests-Info.plist";
				IPHONEOS_DEPLOYMENT_TARGET = 6.1;
				PRODUCT_NAME = "$(TARGET_NAME)";
				TEST_HOST = "$(BUNDLE_LOADER)";
				WRAPPER_EXTENSION = xctest;
			};
			name = Debug;
		};
		374484C219023332008FD15C /* Release */ = {
			isa = XCBuildConfiguration;
			buildSettings = {
				BUNDLE_LOADER = "$(BUILT_PRODUCTS_DIR)/TWRadiationApp.app/TWRadiationApp";
				FRAMEWORK_SEARCH_PATHS = (
					"$(SDKROOT)/Developer/Library/Frameworks",
					"$(inherited)",
					"$(DEVELOPER_FRAMEWORKS_DIR)",
				);
				GCC_PRECOMPILE_PREFIX_HEADER = YES;
				GCC_PREFIX_HEADER = "TWRadiationApp/TWRadiationApp-Prefix.pch";
				INFOPLIST_FILE = "TWRadiationAppTests/TWRadiationAppTests-Info.plist";
				IPHONEOS_DEPLOYMENT_TARGET = 6.1;
				PRODUCT_NAME = "$(TARGET_NAME)";
				TEST_HOST = "$(BUNDLE_LOADER)";
				WRAPPER_EXTENSION = xctest;
			};
			name = Release;
		};
/* End XCBuildConfiguration section */

/* Begin XCConfigurationList section */
		3744848319023332008FD15C /* Build configuration list for PBXProject "TWRadiationApp" */ = {
			isa = XCConfigurationList;
			buildConfigurations = (
				374484BB19023332008FD15C /* Debug */,
				374484BC19023332008FD15C /* Release */,
			);
			defaultConfigurationIsVisible = 0;
			defaultConfigurationName = Release;
		};
		374484BD19023332008FD15C /* Build configuration list for PBXNativeTarget "TWRadiationApp" */ = {
			isa = XCConfigurationList;
			buildConfigurations = (
				374484BE19023332008FD15C /* Debug */,
				374484BF19023332008FD15C /* Release */,
			);
			defaultConfigurationIsVisible = 0;
			defaultConfigurationName = Release;
		};
		374484C019023332008FD15C /* Build configuration list for PBXNativeTarget "TWRadiationAppTests" */ = {
			isa = XCConfigurationList;
			buildConfigurations = (
				374484C119023332008FD15C /* Debug */,
				374484C219023332008FD15C /* Release */,
			);
			defaultConfigurationIsVisible = 0;
			defaultConfigurationName = Release;
		};
/* End XCConfigurationList section */
	};
	rootObject = 3744848019023332008FD15C /* Project object */;
}
